
Microsoft Visual Studio Solution File, Format Version 12.00
# Visual Studio Version 16
VisualStudioVersion = 16.0.30804.86
MinimumVisualStudioVersion = 10.0.40219.1
Project("{FAE04EC0-301F-11D3-BF4B-00C04F79EFBC}") = "flexil", "flexil\flexil.csproj", "{56DD5141-0832-4C06-A306-889FF7CDEAC3}"
EndProject
Global
	GlobalSection(SolutionConfigurationPlatforms) = preSolution
		Debug|Any CPU = Debug|Any CPU
		Release|Any CPU = Release|Any CPU
	EndGlobalSection
	GlobalSection(ProjectConfigurationPlatforms) = postSolution
		{56DD5141-0832-4C06-A306-889FF7CDEAC3}.Debug|Any CPU.ActiveCfg = Debug|Any CPU
		{56DD5141-0832-4C06-A306-889FF7CDEAC3}.Debug|Any CPU.Build.0 = Debug|Any CPU
		{56DD5141-0832-4C06-A306-889FF7CDEAC3}.Release|Any CPU.ActiveCfg = Release|Any CPU
		{56DD5141-0832-4C06-A306-889FF7CDEAC3}.Release|Any CPU.Build.0 = Release|Any CPU
	EndGlobalSection
	GlobalSection(SolutionProperties) = preSolution
		HideSolutionNode = FALSE
	EndGlobalSection
	GlobalSection(ExtensibilityGlobals) = postSolution
		SolutionGuid = {F96A4757-6D16-4C6F-92AF-6080BE0F63B1}
	EndGlobalSection
EndGlobal
